
Microsoft Visual Studio Solution File, Format Version 12.00
# Visual Studio Version 16
VisualStudioVersion = 16.0.31321.278
MinimumVisualStudioVersion = 10.0.40219.1
Project("{9A19103F-16F7-4668-BE54-9A1E7A4F7556}") = "Lessons", "Lessons\Lessons.csproj", "{F6C40B5C-FBC6-47F0-BF6B-F4C5FE408F7D}"
EndProject
Project("{9A19103F-16F7-4668-BE54-9A1E7A4F7556}") = "IncrementDecrement", "IncrementDecrement\IncrementDecrement.csproj", "{B4F63D8A-E1B1-4866-A0B2-D6A0DB159683}"
EndProject
Project("{9A19103F-16F7-4668-BE54-9A1E7A4F7556}") = "IfElse", "IfElse\IfElse.csproj", "{5D00A5F1-B0AE-4B77-85CD-B48AB9D59012}"
EndProject
Project("{9A19103F-16F7-4668-BE54-9A1E7A4F7556}") = "IfElse2", "IfElse2\IfElse2.csproj", "{B3C74E59-F584-41F2-ACDD-34EEF2E57436}"
EndProject
Project("{9A19103F-16F7-4668-BE54-9A1E7A4F7556}") = "LogicOperators", "LogicOperators\LogicOperators.csproj", "{2AAB002F-695D-43C6-ADCF-FB6A7B44E71E}"
EndProject
Project("{9A19103F-16F7-4668-BE54-9A1E7A4F7556}") = "SwitchOne", "SwitchOne\SwitchOne.csproj", "{2D1BD31B-59FC-4001-9DD2-DB9AE8410DC0}"
EndProject
Project("{9A19103F-16F7-4668-BE54-9A1E7A4F7556}") = "Typing", "Typing\Typing.csproj", "{692A9121-E9D9-4815-8120-C99F08D871EA}"
EndProject
Project("{9A19103F-16F7-4668-BE54-9A1E7A4F7556}") = "CalculatorHomeWork", "CalculatorHomeWork\CalculatorHomeWork.csproj", "{2413F3CD-300A-45FD-8DEF-7D06455D73DB}"
EndProject
Project("{9A19103F-16F7-4668-BE54-9A1E7A4F7556}") = "WhileOne", "WhileOne\WhileOne.csproj", "{D42EB722-FCF2-4E1F-95B7-58BC50E126A1}"
EndProject
Project("{9A19103F-16F7-4668-BE54-9A1E7A4F7556}") = "WhileOneHomeWork", "WhileOneHomeWork\WhileOneHomeWork.csproj", "{388FF4A7-9C92-425E-94BC-3537BA34C0BC}"
EndProject
Project("{9A19103F-16F7-4668-BE54-9A1E7A4F7556}") = "DoWhile", "DoWhile\DoWhile.csproj", "{2805945A-D907-4014-A820-29CAEC721505}"
EndProject
Project("{9A19103F-16F7-4668-BE54-9A1E7A4F7556}") = "EvenNotEven", "EvenNotEven\EvenNotEven.csproj", "{5AC40861-CF2C-4D99-8BD3-1DF15739B14F}"
EndProject
Project("{9A19103F-16F7-4668-BE54-9A1E7A4F7556}") = "LoopFor", "LoopFor\LoopFor.csproj", "{F6B455EC-222F-4716-8D5C-BFD96C32FAB7}"
EndProject
Project("{9A19103F-16F7-4668-BE54-9A1E7A4F7556}") = "LoopFor2", "LoopFor2\LoopFor2.csproj", "{827E91B0-2573-47FF-BC85-C09DE76C5FC2}"
EndProject
Project("{9A19103F-16F7-4668-BE54-9A1E7A4F7556}") = "LoopBreak", "LoopBreak\LoopBreak.csproj", "{E1322CC7-8246-449A-A366-7B345B2DF2D2}"
EndProject
Project("{9A19103F-16F7-4668-BE54-9A1E7A4F7556}") = "LoopContinue", "LoopContinue\LoopContinue.csproj", "{FA8FE569-B9A5-4A51-A7FF-05D94FA6DAB0}"
EndProject
Project("{9A19103F-16F7-4668-BE54-9A1E7A4F7556}") = "LoopInside", "LoopInside\LoopInside.csproj", "{21DCD7C3-6942-4804-BA0F-39C94782EAA0}"
EndProject
Project("{9A19103F-16F7-4668-BE54-9A1E7A4F7556}") = "HomeWorkTriangle", "HomeWorkTriangle\HomeWorkTriangle.csproj", "{04E62A54-4C29-4B96-8A3E-F0B61520D2C3}"
EndProject
Project("{9A19103F-16F7-4668-BE54-9A1E7A4F7556}") = "Ternarn", "Ternarn\Ternarn.csproj", "{43DA68A9-ED11-45F4-9378-55B7CC9A770E}"
EndProject
Project("{9A19103F-16F7-4668-BE54-9A1E7A4F7556}") = "List1", "List1\List1.csproj", "{23A7626D-FB06-48DE-9AA5-DA3A3A8D0528}"
EndProject
Project("{9A19103F-16F7-4668-BE54-9A1E7A4F7556}") = "List2", "List2\List2.csproj", "{0A6108A8-B160-4211-BD6A-10487B2376B7}"
EndProject
Project("{9A19103F-16F7-4668-BE54-9A1E7A4F7556}") = "ArrayLoop", "ArrayLoop\ArrayLoop.csproj", "{FACA9CB9-3F88-4FE9-BE9A-D31FCDA3E7DE}"
EndProject
Project("{9A19103F-16F7-4668-BE54-9A1E7A4F7556}") = "HomeWorkArray", "HomeWorkArray\HomeWorkArray.csproj", "{064BD1EA-F22B-4D38-B469-D1FBB25AE621}"
EndProject
Project("{9A19103F-16F7-4668-BE54-9A1E7A4F7556}") = "realArray", "realArray\realArray.csproj", "{E7A184D3-EDF8-49C2-97B8-CA16A58A01DD}"
EndProject
Project("{FAE04EC0-301F-11D3-BF4B-00C04F79EFBC}") = "IndexArray", "IndexArray\IndexArray.csproj", "{189171B1-84A9-4582-9118-91B80F567A80}"
EndProject
Project("{FAE04EC0-301F-11D3-BF4B-00C04F79EFBC}") = "TwoDimensionalArray", "TwoDimensionalArray\TwoDimensionalArray.csproj", "{276E364C-EB6F-4400-8B5D-0C0BE0C83754}"
EndProject
Project("{FAE04EC0-301F-11D3-BF4B-00C04F79EFBC}") = "TwoDimensionalArrayFill", "TwoDimensionalArrayFill\TwoDimensionalArrayFill.csproj", "{731DE3CF-B7A3-4A8D-8A93-6BB5446D12FD}"
EndProject
Project("{FAE04EC0-301F-11D3-BF4B-00C04F79EFBC}") = "StepArray", "StepArray\StepArray.csproj", "{D55EDC5B-0E10-4BBC-A112-12E9FDF83371}"
EndProject
Project("{FAE04EC0-301F-11D3-BF4B-00C04F79EFBC}") = "ThreeDimensionalArray", "TreeDimensionalArray\ThreeDimensionalArray.csproj", "{8E548761-720B-4284-835F-CA9833428030}"
EndProject
Project("{FAE04EC0-301F-11D3-BF4B-00C04F79EFBC}") = "Methods", "Methods\Methods.csproj", "{E48E4556-0EA2-4D7B-AB21-531BFBFD4C69}"
EndProject
Global
	GlobalSection(SolutionConfigurationPlatforms) = preSolution
		Debug|Any CPU = Debug|Any CPU
		Release|Any CPU = Release|Any CPU
	EndGlobalSection
	GlobalSection(ProjectConfigurationPlatforms) = postSolution
		{F6C40B5C-FBC6-47F0-BF6B-F4C5FE408F7D}.Debug|Any CPU.ActiveCfg = Debug|Any CPU
		{F6C40B5C-FBC6-47F0-BF6B-F4C5FE408F7D}.Debug|Any CPU.Build.0 = Debug|Any CPU
		{F6C40B5C-FBC6-47F0-BF6B-F4C5FE408F7D}.Release|Any CPU.ActiveCfg = Release|Any CPU
		{F6C40B5C-FBC6-47F0-BF6B-F4C5FE408F7D}.Release|Any CPU.Build.0 = Release|Any CPU
		{B4F63D8A-E1B1-4866-A0B2-D6A0DB159683}.Debug|Any CPU.ActiveCfg = Debug|Any CPU
		{B4F63D8A-E1B1-4866-A0B2-D6A0DB159683}.Debug|Any CPU.Build.0 = Debug|Any CPU
		{B4F63D8A-E1B1-4866-A0B2-D6A0DB159683}.Release|Any CPU.ActiveCfg = Release|Any CPU
		{B4F63D8A-E1B1-4866-A0B2-D6A0DB159683}.Release|Any CPU.Build.0 = Release|Any CPU
		{5D00A5F1-B0AE-4B77-85CD-B48AB9D59012}.Debug|Any CPU.ActiveCfg = Debug|Any CPU
		{5D00A5F1-B0AE-4B77-85CD-B48AB9D59012}.Debug|Any CPU.Build.0 = Debug|Any CPU
		{5D00A5F1-B0AE-4B77-85CD-B48AB9D59012}.Release|Any CPU.ActiveCfg = Release|Any CPU
		{5D00A5F1-B0AE-4B77-85CD-B48AB9D59012}.Release|Any CPU.Build.0 = Release|Any CPU
		{B3C74E59-F584-41F2-ACDD-34EEF2E57436}.Debug|Any CPU.ActiveCfg = Debug|Any CPU
		{B3C74E59-F584-41F2-ACDD-34EEF2E57436}.Debug|Any CPU.Build.0 = Debug|Any CPU
		{B3C74E59-F584-41F2-ACDD-34EEF2E57436}.Release|Any CPU.ActiveCfg = Release|Any CPU
		{B3C74E59-F584-41F2-ACDD-34EEF2E57436}.Release|Any CPU.Build.0 = Release|Any CPU
		{2AAB002F-695D-43C6-ADCF-FB6A7B44E71E}.Debug|Any CPU.ActiveCfg = Debug|Any CPU
		{2AAB002F-695D-43C6-ADCF-FB6A7B44E71E}.Debug|Any CPU.Build.0 = Debug|Any CPU
		{2AAB002F-695D-43C6-ADCF-FB6A7B44E71E}.Release|Any CPU.ActiveCfg = Release|Any CPU
		{2AAB002F-695D-43C6-ADCF-FB6A7B44E71E}.Release|Any CPU.Build.0 = Release|Any CPU
		{2D1BD31B-59FC-4001-9DD2-DB9AE8410DC0}.Debug|Any CPU.ActiveCfg = Debug|Any CPU
		{2D1BD31B-59FC-4001-9DD2-DB9AE8410DC0}.Debug|Any CPU.Build.0 = Debug|Any CPU
		{2D1BD31B-59FC-4001-9DD2-DB9AE8410DC0}.Release|Any CPU.ActiveCfg = Release|Any CPU
		{2D1BD31B-59FC-4001-9DD2-DB9AE8410DC0}.Release|Any CPU.Build.0 = Release|Any CPU
		{692A9121-E9D9-4815-8120-C99F08D871EA}.Debug|Any CPU.ActiveCfg = Debug|Any CPU
		{692A9121-E9D9-4815-8120-C99F08D871EA}.Debug|Any CPU.Build.0 = Debug|Any CPU
		{692A9121-E9D9-4815-8120-C99F08D871EA}.Release|Any CPU.ActiveCfg = Release|Any CPU
		{692A9121-E9D9-4815-8120-C99F08D871EA}.Release|Any CPU.Build.0 = Release|Any CPU
		{2413F3CD-300A-45FD-8DEF-7D06455D73DB}.Debug|Any CPU.ActiveCfg = Debug|Any CPU
		{2413F3CD-300A-45FD-8DEF-7D06455D73DB}.Debug|Any CPU.Build.0 = Debug|Any CPU
		{2413F3CD-300A-45FD-8DEF-7D06455D73DB}.Release|Any CPU.ActiveCfg = Release|Any CPU
		{2413F3CD-300A-45FD-8DEF-7D06455D73DB}.Release|Any CPU.Build.0 = Release|Any CPU
		{D42EB722-FCF2-4E1F-95B7-58BC50E126A1}.Debug|Any CPU.ActiveCfg = Debug|Any CPU
		{D42EB722-FCF2-4E1F-95B7-58BC50E126A1}.Debug|Any CPU.Build.0 = Debug|Any CPU
		{D42EB722-FCF2-4E1F-95B7-58BC50E126A1}.Release|Any CPU.ActiveCfg = Release|Any CPU
		{D42EB722-FCF2-4E1F-95B7-58BC50E126A1}.Release|Any CPU.Build.0 = Release|Any CPU
		{388FF4A7-9C92-425E-94BC-3537BA34C0BC}.Debug|Any CPU.ActiveCfg = Debug|Any CPU
		{388FF4A7-9C92-425E-94BC-3537BA34C0BC}.Debug|Any CPU.Build.0 = Debug|Any CPU
		{388FF4A7-9C92-425E-94BC-3537BA34C0BC}.Release|Any CPU.ActiveCfg = Release|Any CPU
		{388FF4A7-9C92-425E-94BC-3537BA34C0BC}.Release|Any CPU.Build.0 = Release|Any CPU
		{2805945A-D907-4014-A820-29CAEC721505}.Debug|Any CPU.ActiveCfg = Debug|Any CPU
		{2805945A-D907-4014-A820-29CAEC721505}.Debug|Any CPU.Build.0 = Debug|Any CPU
		{2805945A-D907-4014-A820-29CAEC721505}.Release|Any CPU.ActiveCfg = Release|Any CPU
		{2805945A-D907-4014-A820-29CAEC721505}.Release|Any CPU.Build.0 = Release|Any CPU
		{5AC40861-CF2C-4D99-8BD3-1DF15739B14F}.Debug|Any CPU.ActiveCfg = Debug|Any CPU
		{5AC40861-CF2C-4D99-8BD3-1DF15739B14F}.Debug|Any CPU.Build.0 = Debug|Any CPU
		{5AC40861-CF2C-4D99-8BD3-1DF15739B14F}.Release|Any CPU.ActiveCfg = Release|Any CPU
		{5AC40861-CF2C-4D99-8BD3-1DF15739B14F}.Release|Any CPU.Build.0 = Release|Any CPU
		{F6B455EC-222F-4716-8D5C-BFD96C32FAB7}.Debug|Any CPU.ActiveCfg = Debug|Any CPU
		{F6B455EC-222F-4716-8D5C-BFD96C32FAB7}.Debug|Any CPU.Build.0 = Debug|Any CPU
		{F6B455EC-222F-4716-8D5C-BFD96C32FAB7}.Release|Any CPU.ActiveCfg = Release|Any CPU
		{F6B455EC-222F-4716-8D5C-BFD96C32FAB7}.Release|Any CPU.Build.0 = Release|Any CPU
		{827E91B0-2573-47FF-BC85-C09DE76C5FC2}.Debug|Any CPU.ActiveCfg = Debug|Any CPU
		{827E91B0-2573-47FF-BC85-C09DE76C5FC2}.Debug|Any CPU.Build.0 = Debug|Any CPU
		{827E91B0-2573-47FF-BC85-C09DE76C5FC2}.Release|Any CPU.ActiveCfg = Release|Any CPU
		{827E91B0-2573-47FF-BC85-C09DE76C5FC2}.Release|Any CPU.Build.0 = Release|Any CPU
		{E1322CC7-8246-449A-A366-7B345B2DF2D2}.Debug|Any CPU.ActiveCfg = Debug|Any CPU
		{E1322CC7-8246-449A-A366-7B345B2DF2D2}.Debug|Any CPU.Build.0 = Debug|Any CPU
		{E1322CC7-8246-449A-A366-7B345B2DF2D2}.Release|Any CPU.ActiveCfg = Release|Any CPU
		{E1322CC7-8246-449A-A366-7B345B2DF2D2}.Release|Any CPU.Build.0 = Release|Any CPU
		{FA8FE569-B9A5-4A51-A7FF-05D94FA6DAB0}.Debug|Any CPU.ActiveCfg = Debug|Any CPU
		{FA8FE569-B9A5-4A51-A7FF-05D94FA6DAB0}.Debug|Any CPU.Build.0 = Debug|Any CPU
		{FA8FE569-B9A5-4A51-A7FF-05D94FA6DAB0}.Release|Any CPU.ActiveCfg = Release|Any CPU
		{FA8FE569-B9A5-4A51-A7FF-05D94FA6DAB0}.Release|Any CPU.Build.0 = Release|Any CPU
		{21DCD7C3-6942-4804-BA0F-39C94782EAA0}.Debug|Any CPU.ActiveCfg = Debug|Any CPU
		{21DCD7C3-6942-4804-BA0F-39C94782EAA0}.Debug|Any CPU.Build.0 = Debug|Any CPU
		{21DCD7C3-6942-4804-BA0F-39C94782EAA0}.Release|Any CPU.ActiveCfg = Release|Any CPU
		{21DCD7C3-6942-4804-BA0F-39C94782EAA0}.Release|Any CPU.Build.0 = Release|Any CPU
		{04E62A54-4C29-4B96-8A3E-F0B61520D2C3}.Debug|Any CPU.ActiveCfg = Debug|Any CPU
		{04E62A54-4C29-4B96-8A3E-F0B61520D2C3}.Debug|Any CPU.Build.0 = Debug|Any CPU
		{04E62A54-4C29-4B96-8A3E-F0B61520D2C3}.Release|Any CPU.ActiveCfg = Release|Any CPU
		{04E62A54-4C29-4B96-8A3E-F0B61520D2C3}.Release|Any CPU.Build.0 = Release|Any CPU
		{43DA68A9-ED11-45F4-9378-55B7CC9A770E}.Debug|Any CPU.ActiveCfg = Debug|Any CPU
		{43DA68A9-ED11-45F4-9378-55B7CC9A770E}.Debug|Any CPU.Build.0 = Debug|Any CPU
		{43DA68A9-ED11-45F4-9378-55B7CC9A770E}.Release|Any CPU.ActiveCfg = Release|Any CPU
		{43DA68A9-ED11-45F4-9378-55B7CC9A770E}.Release|Any CPU.Build.0 = Release|Any CPU
		{23A7626D-FB06-48DE-9AA5-DA3A3A8D0528}.Debug|Any CPU.ActiveCfg = Debug|Any CPU
		{23A7626D-FB06-48DE-9AA5-DA3A3A8D0528}.Debug|Any CPU.Build.0 = Debug|Any CPU
		{23A7626D-FB06-48DE-9AA5-DA3A3A8D0528}.Release|Any CPU.ActiveCfg = Release|Any CPU
		{23A7626D-FB06-48DE-9AA5-DA3A3A8D0528}.Release|Any CPU.Build.0 = Release|Any CPU
		{0A6108A8-B160-4211-BD6A-10487B2376B7}.Debug|Any CPU.ActiveCfg = Debug|Any CPU
		{0A6108A8-B160-4211-BD6A-10487B2376B7}.Debug|Any CPU.Build.0 = Debug|Any CPU
		{0A6108A8-B160-4211-BD6A-10487B2376B7}.Release|Any CPU.ActiveCfg = Release|Any CPU
		{0A6108A8-B160-4211-BD6A-10487B2376B7}.Release|Any CPU.Build.0 = Release|Any CPU
		{FACA9CB9-3F88-4FE9-BE9A-D31FCDA3E7DE}.Debug|Any CPU.ActiveCfg = Debug|Any CPU
		{FACA9CB9-3F88-4FE9-BE9A-D31FCDA3E7DE}.Debug|Any CPU.Build.0 = Debug|Any CPU
		{FACA9CB9-3F88-4FE9-BE9A-D31FCDA3E7DE}.Release|Any CPU.ActiveCfg = Release|Any CPU
		{FACA9CB9-3F88-4FE9-BE9A-D31FCDA3E7DE}.Release|Any CPU.Build.0 = Release|Any CPU
		{064BD1EA-F22B-4D38-B469-D1FBB25AE621}.Debug|Any CPU.ActiveCfg = Debug|Any CPU
		{064BD1EA-F22B-4D38-B469-D1FBB25AE621}.Debug|Any CPU.Build.0 = Debug|Any CPU
		{064BD1EA-F22B-4D38-B469-D1FBB25AE621}.Release|Any CPU.ActiveCfg = Release|Any CPU
		{064BD1EA-F22B-4D38-B469-D1FBB25AE621}.Release|Any CPU.Build.0 = Release|Any CPU
		{E7A184D3-EDF8-49C2-97B8-CA16A58A01DD}.Debug|Any CPU.ActiveCfg = Debug|Any CPU
		{E7A184D3-EDF8-49C2-97B8-CA16A58A01DD}.Debug|Any CPU.Build.0 = Debug|Any CPU
		{E7A184D3-EDF8-49C2-97B8-CA16A58A01DD}.Release|Any CPU.ActiveCfg = Release|Any CPU
		{E7A184D3-EDF8-49C2-97B8-CA16A58A01DD}.Release|Any CPU.Build.0 = Release|Any CPU
		{189171B1-84A9-4582-9118-91B80F567A80}.Debug|Any CPU.ActiveCfg = Debug|Any CPU
		{189171B1-84A9-4582-9118-91B80F567A80}.Debug|Any CPU.Build.0 = Debug|Any CPU
		{189171B1-84A9-4582-9118-91B80F567A80}.Release|Any CPU.ActiveCfg = Release|Any CPU
		{189171B1-84A9-4582-9118-91B80F567A80}.Release|Any CPU.Build.0 = Release|Any CPU
		{276E364C-EB6F-4400-8B5D-0C0BE0C83754}.Debug|Any CPU.ActiveCfg = Debug|Any CPU
		{276E364C-EB6F-4400-8B5D-0C0BE0C83754}.Debug|Any CPU.Build.0 = Debug|Any CPU
		{276E364C-EB6F-4400-8B5D-0C0BE0C83754}.Release|Any CPU.ActiveCfg = Release|Any CPU
		{276E364C-EB6F-4400-8B5D-0C0BE0C83754}.Release|Any CPU.Build.0 = Release|Any CPU
		{731DE3CF-B7A3-4A8D-8A93-6BB5446D12FD}.Debug|Any CPU.ActiveCfg = Debug|Any CPU
		{731DE3CF-B7A3-4A8D-8A93-6BB5446D12FD}.Debug|Any CPU.Build.0 = Debug|Any CPU
		{731DE3CF-B7A3-4A8D-8A93-6BB5446D12FD}.Release|Any CPU.ActiveCfg = Release|Any CPU
		{731DE3CF-B7A3-4A8D-8A93-6BB5446D12FD}.Release|Any CPU.Build.0 = Release|Any CPU
		{D55EDC5B-0E10-4BBC-A112-12E9FDF83371}.Debug|Any CPU.ActiveCfg = Debug|Any CPU
		{D55EDC5B-0E10-4BBC-A112-12E9FDF83371}.Debug|Any CPU.Build.0 = Debug|Any CPU
		{D55EDC5B-0E10-4BBC-A112-12E9FDF83371}.Release|Any CPU.ActiveCfg = Release|Any CPU
		{D55EDC5B-0E10-4BBC-A112-12E9FDF83371}.Release|Any CPU.Build.0 = Release|Any CPU
		{8E548761-720B-4284-835F-CA9833428030}.Debug|Any CPU.ActiveCfg = Debug|Any CPU
		{8E548761-720B-4284-835F-CA9833428030}.Debug|Any CPU.Build.0 = Debug|Any CPU
		{8E548761-720B-4284-835F-CA9833428030}.Release|Any CPU.ActiveCfg = Release|Any CPU
		{8E548761-720B-4284-835F-CA9833428030}.Release|Any CPU.Build.0 = Release|Any CPU
		{E48E4556-0EA2-4D7B-AB21-531BFBFD4C69}.Debug|Any CPU.ActiveCfg = Debug|Any CPU
		{E48E4556-0EA2-4D7B-AB21-531BFBFD4C69}.Debug|Any CPU.Build.0 = Debug|Any CPU
		{E48E4556-0EA2-4D7B-AB21-531BFBFD4C69}.Release|Any CPU.ActiveCfg = Release|Any CPU
		{E48E4556-0EA2-4D7B-AB21-531BFBFD4C69}.Release|Any CPU.Build.0 = Release|Any CPU
	EndGlobalSection
	GlobalSection(SolutionProperties) = preSolution
		HideSolutionNode = FALSE
	EndGlobalSection
	GlobalSection(ExtensibilityGlobals) = postSolution
		SolutionGuid = {9A6F1216-7AF7-41BD-B720-572E226B8D23}
	EndGlobalSection
EndGlobal
