
Microsoft Visual Studio Solution File, Format Version 12.00
# Visual Studio Version 16
VisualStudioVersion = 16.0.31321.278
MinimumVisualStudioVersion = 10.0.40219.1
Project("{9A19103F-16F7-4668-BE54-9A1E7A4F7556}") = "Lessons", "Lessons\Lessons.csproj", "{F6C40B5C-FBC6-47F0-BF6B-F4C5FE408F7D}"
EndProject
Project("{9A19103F-16F7-4668-BE54-9A1E7A4F7556}") = "IncrementDecrement", "IncrementDecrement\IncrementDecrement.csproj", "{B4F63D8A-E1B1-4866-A0B2-D6A0DB159683}"
EndProject
Project("{9A19103F-16F7-4668-BE54-9A1E7A4F7556}") = "IfElse", "IfElse\IfElse.csproj", "{5D00A5F1-B0AE-4B77-85CD-B48AB9D59012}"
EndProject
Project("{9A19103F-16F7-4668-BE54-9A1E7A4F7556}") = "IfElse2", "IfElse2\IfElse2.csproj", "{B3C74E59-F584-41F2-ACDD-34EEF2E57436}"
EndProject
Project("{9A19103F-16F7-4668-BE54-9A1E7A4F7556}") = "LogicOperators", "LogicOperators\LogicOperators.csproj", "{2AAB002F-695D-43C6-ADCF-FB6A7B44E71E}"
EndProject
Project("{9A19103F-16F7-4668-BE54-9A1E7A4F7556}") = "SwitchOne", "SwitchOne\SwitchOne.csproj", "{2D1BD31B-59FC-4001-9DD2-DB9AE8410DC0}"
EndProject
Project("{9A19103F-16F7-4668-BE54-9A1E7A4F7556}") = "Typing", "Typing\Typing.csproj", "{692A9121-E9D9-4815-8120-C99F08D871EA}"
EndProject
Project("{9A19103F-16F7-4668-BE54-9A1E7A4F7556}") = "CalculatorHomeWork", "CalculatorHomeWork\CalculatorHomeWork.csproj", "{2413F3CD-300A-45FD-8DEF-7D06455D73DB}"
EndProject
Project("{9A19103F-16F7-4668-BE54-9A1E7A4F7556}") = "WhileOne", "WhileOne\WhileOne.csproj", "{D42EB722-FCF2-4E1F-95B7-58BC50E126A1}"
EndProject
Project("{9A19103F-16F7-4668-BE54-9A1E7A4F7556}") = "WhileOneHomeWork", "WhileOneHomeWork\WhileOneHomeWork.csproj", "{388FF4A7-9C92-425E-94BC-3537BA34C0BC}"
EndProject
Project("{9A19103F-16F7-4668-BE54-9A1E7A4F7556}") = "DoWhile", "DoWhile\DoWhile.csproj", "{2805945A-D907-4014-A820-29CAEC721505}"
EndProject
Project("{9A19103F-16F7-4668-BE54-9A1E7A4F7556}") = "EvenNotEven", "EvenNotEven\EvenNotEven.csproj", "{5AC40861-CF2C-4D99-8BD3-1DF15739B14F}"
EndProject
Project("{9A19103F-16F7-4668-BE54-9A1E7A4F7556}") = "LoopFor", "LoopFor\LoopFor.csproj", "{F6B455EC-222F-4716-8D5C-BFD96C32FAB7}"
EndProject
Project("{9A19103F-16F7-4668-BE54-9A1E7A4F7556}") = "LoopFor2", "LoopFor2\LoopFor2.csproj", "{827E91B0-2573-47FF-BC85-C09DE76C5FC2}"
EndProject
Project("{9A19103F-16F7-4668-BE54-9A1E7A4F7556}") = "LoopBreak", "LoopBreak\LoopBreak.csproj", "{E1322CC7-8246-449A-A366-7B345B2DF2D2}"
EndProject
Project("{9A19103F-16F7-4668-BE54-9A1E7A4F7556}") = "LoopContinue", "LoopContinue\LoopContinue.csproj", "{FA8FE569-B9A5-4A51-A7FF-05D94FA6DAB0}"
EndProject
Project("{9A19103F-16F7-4668-BE54-9A1E7A4F7556}") = "LoopInside", "LoopInside\LoopInside.csproj", "{21DCD7C3-6942-4804-BA0F-39C94782EAA0}"
EndProject
Project("{9A19103F-16F7-4668-BE54-9A1E7A4F7556}") = "HomeWorkTriangle", "HomeWorkTriangle\HomeWorkTriangle.csproj", "{04E62A54-4C29-4B96-8A3E-F0B61520D2C3}"
EndProject
Project("{9A19103F-16F7-4668-BE54-9A1E7A4F7556}") = "Ternarn", "Ternarn\Ternarn.csproj", "{43DA68A9-ED11-45F4-9378-55B7CC9A770E}"
EndProject
Project("{9A19103F-16F7-4668-BE54-9A1E7A4F7556}") = "List1", "List1\List1.csproj", "{23A7626D-FB06-48DE-9AA5-DA3A3A8D0528}"
EndProject
Project("{9A19103F-16F7-4668-BE54-9A1E7A4F7556}") = "List2", "List2\List2.csproj", "{0A6108A8-B160-4211-BD6A-10487B2376B7}"
EndProject
Project("{9A19103F-16F7-4668-BE54-9A1E7A4F7556}") = "ArrayLoop", "ArrayLoop\ArrayLoop.csproj", "{FACA9CB9-3F88-4FE9-BE9A-D31FCDA3E7DE}"
EndProject
Project("{9A19103F-16F7-4668-BE54-9A1E7A4F7556}") = "HomeWorkArray", "HomeWorkArray\HomeWorkArray.csproj", "{064BD1EA-F22B-4D38-B469-D1FBB25AE621}"
EndProject
Project("{9A19103F-16F7-4668-BE54-9A1E7A4F7556}") = "realArray", "realArray\realArray.csproj", "{E7A184D3-EDF8-49C2-97B8-CA16A58A01DD}"
EndProject
Project("{9A19103F-16F7-4668-BE54-9A1E7A4F7556}") = "IndexArray", "IndexArray\IndexArray.csproj", "{189171B1-84A9-4582-9118-91B80F567A80}"
EndProject
Project("{9A19103F-16F7-4668-BE54-9A1E7A4F7556}") = "TwoDimensionalArray", "TwoDimensionalArray\TwoDimensionalArray.csproj", "{276E364C-EB6F-4400-8B5D-0C0BE0C83754}"
EndProject
Project("{9A19103F-16F7-4668-BE54-9A1E7A4F7556}") = "TwoDimensionalArrayFill", "TwoDimensionalArrayFill\TwoDimensionalArrayFill.csproj", "{731DE3CF-B7A3-4A8D-8A93-6BB5446D12FD}"
EndProject
Project("{9A19103F-16F7-4668-BE54-9A1E7A4F7556}") = "StepArray", "StepArray\StepArray.csproj", "{D55EDC5B-0E10-4BBC-A112-12E9FDF83371}"
EndProject
Project("{9A19103F-16F7-4668-BE54-9A1E7A4F7556}") = "ThreeDimensionalArray", "TreeDimensionalArray\ThreeDimensionalArray.csproj", "{8E548761-720B-4284-835F-CA9833428030}"
EndProject
Project("{9A19103F-16F7-4668-BE54-9A1E7A4F7556}") = "Methods", "Methods\Methods.csproj", "{E48E4556-0EA2-4D7B-AB21-531BFBFD4C69}"
EndProject
Project("{9A19103F-16F7-4668-BE54-9A1E7A4F7556}") = "HomeWorkMethods", "HomeWorkMethods\HomeWorkMethods.csproj", "{AB4E969E-4174-41F1-889E-338E86909AE8}"
EndProject
Project("{9A19103F-16F7-4668-BE54-9A1E7A4F7556}") = "OverloadMethods", "OverloadMethods\OverloadMethods.csproj", "{1DBF4D03-4BB9-4430-B594-90EC0E632322}"
EndProject
Project("{9A19103F-16F7-4668-BE54-9A1E7A4F7556}") = "Visibility", "Visibility\Visibility.csproj", "{287CAA71-AA13-4F52-9C01-F0B6CB069AB2}"
EndProject
Project("{9A19103F-16F7-4668-BE54-9A1E7A4F7556}") = "RefAndValues", "RedAndValues\RefAndValues.csproj", "{90EC7604-4DF4-4729-84FA-F015031AC74C}"
EndProject
Project("{9A19103F-16F7-4668-BE54-9A1E7A4F7556}") = "NullWTH", "NullWTH\NullWTH.csproj", "{A49C6F88-F0F9-4CE6-84AF-84F0CF327765}"
EndProject
Project("{9A19103F-16F7-4668-BE54-9A1E7A4F7556}") = "UnitNull", "UnitNull\UnitNull.csproj", "{250B87CE-D562-4916-8A66-79C13EA34E53}"
EndProject
Project("{9A19103F-16F7-4668-BE54-9A1E7A4F7556}") = "JoinUnitNull", "JoinUnitNull\JoinUnitNull.csproj", "{03981B07-3AD1-4232-816A-802B121901E9}"
EndProject
Project("{9A19103F-16F7-4668-BE54-9A1E7A4F7556}") = "conditionNull", "conditionNull\conditionNull.csproj", "{270CACC2-C962-41D0-94F8-5A4192E2A171}"
EndProject
Project("{9A19103F-16F7-4668-BE54-9A1E7A4F7556}") = "Ref", "Ref\Ref.csproj", "{22C2E4C8-F047-42C4-BFAC-D75CEBC7E34D}"
EndProject
Project("{9A19103F-16F7-4668-BE54-9A1E7A4F7556}") = "ClassDudar", "ClassDudar\ClassDudar.csproj", "{AF615C63-D7E9-40A0-BA4B-7897C2C0E433}"
EndProject
Project("{9A19103F-16F7-4668-BE54-9A1E7A4F7556}") = "StructDudar", "StructDudar\StructDudar.csproj", "{7B48D926-F54F-45E5-93E7-4A6BBE32D0AB}"
EndProject
Project("{9A19103F-16F7-4668-BE54-9A1E7A4F7556}") = "HomeWorkResize", "HomeWorkResize\HomeWorkResize.csproj", "{DCE6C95E-9F62-476C-BDEE-F604906D4609}"
EndProject
Project("{9A19103F-16F7-4668-BE54-9A1E7A4F7556}") = "AddingElementsInArray", "AddingElementsInArray\AddingElementsInArray.csproj", "{76A83F71-0EFA-4988-87B4-CC7BE6023DFE}"
EndProject
Project("{9A19103F-16F7-4668-BE54-9A1E7A4F7556}") = "deleteElementFromArray", "deleteElementFromArray\deleteElementFromArray.csproj", "{FD57E375-51ED-462F-9F84-6BF632028A42}"
EndProject
Project("{9A19103F-16F7-4668-BE54-9A1E7A4F7556}") = "OutRefLesson", "OutRefLesson\OutRefLesson.csproj", "{F3FDC6C9-C7A3-4793-9070-B457288E94C6}"
EndProject
Project("{9A19103F-16F7-4668-BE54-9A1E7A4F7556}") = "InLesson", "InLesson\InLesson.csproj", "{9284F1E7-2693-456E-8A15-9F6E8EA37995}"
EndProject
Project("{FAE04EC0-301F-11D3-BF4B-00C04F79EFBC}") = "ParamsLesson", "ParamsLesson\ParamsLesson.csproj", "{9723C241-28F1-4A0C-9C9E-47F5305C6796}"
EndProject
Project("{FAE04EC0-301F-11D3-BF4B-00C04F79EFBC}") = "ParamsLesson2", "ParamsLesson2\ParamsLesson2.csproj", "{A135E3A3-C21D-4811-BB7A-BAE1CD3B3E08}"
EndProject
Project("{FAE04EC0-301F-11D3-BF4B-00C04F79EFBC}") = "NotNecessaryParams", "NotNecessaryParams\NotNecessaryParams.csproj", "{B2AB9992-AB22-4DD5-891B-E657315ADE5F}"
EndProject
Project("{FAE04EC0-301F-11D3-BF4B-00C04F79EFBC}") = "RecursionLesson", "RecursionLesson\RecursionLesson.csproj", "{0D11AEB7-DB38-4134-88EE-A5A4F11DADA1}"
EndProject
Project("{FAE04EC0-301F-11D3-BF4B-00C04F79EFBC}") = "RecursionArray", "RecursionArray\RecursionArray.csproj", "{4CCFE6C8-F582-47B0-B8F9-27F8D57FD550}"
EndProject
Project("{FAE04EC0-301F-11D3-BF4B-00C04F79EFBC}") = "SumElements", "SumElements\SumElements.csproj", "{9AB80213-16D3-47F2-9DE5-524FE356CE10}"
EndProject
Project("{FAE04EC0-301F-11D3-BF4B-00C04F79EFBC}") = "FindSumOfNumbersRecursionLesson", "FindSumOfNumbersRecursionLesson\FindSumOfNumbersRecursionLesson.csproj", "{A6094715-F370-4541-B725-9A6C4822B1B5}"
EndProject
Project("{FAE04EC0-301F-11D3-BF4B-00C04F79EFBC}") = "ConversionTypeLesson", "ConversionTypeLesson\ConversionTypeLesson.csproj", "{42E328AE-558F-464A-AB65-C31A6CD4CAAC}"
EndProject
Project("{FAE04EC0-301F-11D3-BF4B-00C04F79EFBC}") = "OverFlow", "OverFlow\OverFlow.csproj", "{9216F661-2B8B-4AAC-9F9D-C176FE33513E}"
EndProject
Project("{FAE04EC0-301F-11D3-BF4B-00C04F79EFBC}") = "NullableLesson", "NullableLesson\NullableLesson.csproj", "{7F2D33D8-43AB-43D2-AF15-65CBA94C694E}"
EndProject
Project("{FAE04EC0-301F-11D3-BF4B-00C04F79EFBC}") = "varLesson", "varLesson\varLesson.csproj", "{8392A22F-80DF-49CE-A562-35719FBA89F8}"
EndProject
Project("{FAE04EC0-301F-11D3-BF4B-00C04F79EFBC}") = "enumLesson", "enumLesson\enumLesson.csproj", "{392FCD50-1F46-4695-82E8-E7E86E7804BC}"
EndProject
Project("{FAE04EC0-301F-11D3-BF4B-00C04F79EFBC}") = "OOPLesson", "OOPLesson\OOPLesson.csproj", "{620D3A97-A723-48C1-8EC1-5B86D75034A1}"
EndProject
Global
	GlobalSection(SolutionConfigurationPlatforms) = preSolution
		Debug|Any CPU = Debug|Any CPU
		Release|Any CPU = Release|Any CPU
	EndGlobalSection
	GlobalSection(ProjectConfigurationPlatforms) = postSolution
		{F6C40B5C-FBC6-47F0-BF6B-F4C5FE408F7D}.Debug|Any CPU.ActiveCfg = Debug|Any CPU
		{F6C40B5C-FBC6-47F0-BF6B-F4C5FE408F7D}.Debug|Any CPU.Build.0 = Debug|Any CPU
		{F6C40B5C-FBC6-47F0-BF6B-F4C5FE408F7D}.Release|Any CPU.ActiveCfg = Release|Any CPU
		{F6C40B5C-FBC6-47F0-BF6B-F4C5FE408F7D}.Release|Any CPU.Build.0 = Release|Any CPU
		{B4F63D8A-E1B1-4866-A0B2-D6A0DB159683}.Debug|Any CPU.ActiveCfg = Debug|Any CPU
		{B4F63D8A-E1B1-4866-A0B2-D6A0DB159683}.Debug|Any CPU.Build.0 = Debug|Any CPU
		{B4F63D8A-E1B1-4866-A0B2-D6A0DB159683}.Release|Any CPU.ActiveCfg = Release|Any CPU
		{B4F63D8A-E1B1-4866-A0B2-D6A0DB159683}.Release|Any CPU.Build.0 = Release|Any CPU
		{5D00A5F1-B0AE-4B77-85CD-B48AB9D59012}.Debug|Any CPU.ActiveCfg = Debug|Any CPU
		{5D00A5F1-B0AE-4B77-85CD-B48AB9D59012}.Debug|Any CPU.Build.0 = Debug|Any CPU
		{5D00A5F1-B0AE-4B77-85CD-B48AB9D59012}.Release|Any CPU.ActiveCfg = Release|Any CPU
		{5D00A5F1-B0AE-4B77-85CD-B48AB9D59012}.Release|Any CPU.Build.0 = Release|Any CPU
		{B3C74E59-F584-41F2-ACDD-34EEF2E57436}.Debug|Any CPU.ActiveCfg = Debug|Any CPU
		{B3C74E59-F584-41F2-ACDD-34EEF2E57436}.Debug|Any CPU.Build.0 = Debug|Any CPU
		{B3C74E59-F584-41F2-ACDD-34EEF2E57436}.Release|Any CPU.ActiveCfg = Release|Any CPU
		{B3C74E59-F584-41F2-ACDD-34EEF2E57436}.Release|Any CPU.Build.0 = Release|Any CPU
		{2AAB002F-695D-43C6-ADCF-FB6A7B44E71E}.Debug|Any CPU.ActiveCfg = Debug|Any CPU
		{2AAB002F-695D-43C6-ADCF-FB6A7B44E71E}.Debug|Any CPU.Build.0 = Debug|Any CPU
		{2AAB002F-695D-43C6-ADCF-FB6A7B44E71E}.Release|Any CPU.ActiveCfg = Release|Any CPU
		{2AAB002F-695D-43C6-ADCF-FB6A7B44E71E}.Release|Any CPU.Build.0 = Release|Any CPU
		{2D1BD31B-59FC-4001-9DD2-DB9AE8410DC0}.Debug|Any CPU.ActiveCfg = Debug|Any CPU
		{2D1BD31B-59FC-4001-9DD2-DB9AE8410DC0}.Debug|Any CPU.Build.0 = Debug|Any CPU
		{2D1BD31B-59FC-4001-9DD2-DB9AE8410DC0}.Release|Any CPU.ActiveCfg = Release|Any CPU
		{2D1BD31B-59FC-4001-9DD2-DB9AE8410DC0}.Release|Any CPU.Build.0 = Release|Any CPU
		{692A9121-E9D9-4815-8120-C99F08D871EA}.Debug|Any CPU.ActiveCfg = Debug|Any CPU
		{692A9121-E9D9-4815-8120-C99F08D871EA}.Debug|Any CPU.Build.0 = Debug|Any CPU
		{692A9121-E9D9-4815-8120-C99F08D871EA}.Release|Any CPU.ActiveCfg = Release|Any CPU
		{692A9121-E9D9-4815-8120-C99F08D871EA}.Release|Any CPU.Build.0 = Release|Any CPU
		{2413F3CD-300A-45FD-8DEF-7D06455D73DB}.Debug|Any CPU.ActiveCfg = Debug|Any CPU
		{2413F3CD-300A-45FD-8DEF-7D06455D73DB}.Debug|Any CPU.Build.0 = Debug|Any CPU
		{2413F3CD-300A-45FD-8DEF-7D06455D73DB}.Release|Any CPU.ActiveCfg = Release|Any CPU
		{2413F3CD-300A-45FD-8DEF-7D06455D73DB}.Release|Any CPU.Build.0 = Release|Any CPU
		{D42EB722-FCF2-4E1F-95B7-58BC50E126A1}.Debug|Any CPU.ActiveCfg = Debug|Any CPU
		{D42EB722-FCF2-4E1F-95B7-58BC50E126A1}.Debug|Any CPU.Build.0 = Debug|Any CPU
		{D42EB722-FCF2-4E1F-95B7-58BC50E126A1}.Release|Any CPU.ActiveCfg = Release|Any CPU
		{D42EB722-FCF2-4E1F-95B7-58BC50E126A1}.Release|Any CPU.Build.0 = Release|Any CPU
		{388FF4A7-9C92-425E-94BC-3537BA34C0BC}.Debug|Any CPU.ActiveCfg = Debug|Any CPU
		{388FF4A7-9C92-425E-94BC-3537BA34C0BC}.Debug|Any CPU.Build.0 = Debug|Any CPU
		{388FF4A7-9C92-425E-94BC-3537BA34C0BC}.Release|Any CPU.ActiveCfg = Release|Any CPU
		{388FF4A7-9C92-425E-94BC-3537BA34C0BC}.Release|Any CPU.Build.0 = Release|Any CPU
		{2805945A-D907-4014-A820-29CAEC721505}.Debug|Any CPU.ActiveCfg = Debug|Any CPU
		{2805945A-D907-4014-A820-29CAEC721505}.Debug|Any CPU.Build.0 = Debug|Any CPU
		{2805945A-D907-4014-A820-29CAEC721505}.Release|Any CPU.ActiveCfg = Release|Any CPU
		{2805945A-D907-4014-A820-29CAEC721505}.Release|Any CPU.Build.0 = Release|Any CPU
		{5AC40861-CF2C-4D99-8BD3-1DF15739B14F}.Debug|Any CPU.ActiveCfg = Debug|Any CPU
		{5AC40861-CF2C-4D99-8BD3-1DF15739B14F}.Debug|Any CPU.Build.0 = Debug|Any CPU
		{5AC40861-CF2C-4D99-8BD3-1DF15739B14F}.Release|Any CPU.ActiveCfg = Release|Any CPU
		{5AC40861-CF2C-4D99-8BD3-1DF15739B14F}.Release|Any CPU.Build.0 = Release|Any CPU
		{F6B455EC-222F-4716-8D5C-BFD96C32FAB7}.Debug|Any CPU.ActiveCfg = Debug|Any CPU
		{F6B455EC-222F-4716-8D5C-BFD96C32FAB7}.Debug|Any CPU.Build.0 = Debug|Any CPU
		{F6B455EC-222F-4716-8D5C-BFD96C32FAB7}.Release|Any CPU.ActiveCfg = Release|Any CPU
		{F6B455EC-222F-4716-8D5C-BFD96C32FAB7}.Release|Any CPU.Build.0 = Release|Any CPU
		{827E91B0-2573-47FF-BC85-C09DE76C5FC2}.Debug|Any CPU.ActiveCfg = Debug|Any CPU
		{827E91B0-2573-47FF-BC85-C09DE76C5FC2}.Debug|Any CPU.Build.0 = Debug|Any CPU
		{827E91B0-2573-47FF-BC85-C09DE76C5FC2}.Release|Any CPU.ActiveCfg = Release|Any CPU
		{827E91B0-2573-47FF-BC85-C09DE76C5FC2}.Release|Any CPU.Build.0 = Release|Any CPU
		{E1322CC7-8246-449A-A366-7B345B2DF2D2}.Debug|Any CPU.ActiveCfg = Debug|Any CPU
		{E1322CC7-8246-449A-A366-7B345B2DF2D2}.Debug|Any CPU.Build.0 = Debug|Any CPU
		{E1322CC7-8246-449A-A366-7B345B2DF2D2}.Release|Any CPU.ActiveCfg = Release|Any CPU
		{E1322CC7-8246-449A-A366-7B345B2DF2D2}.Release|Any CPU.Build.0 = Release|Any CPU
		{FA8FE569-B9A5-4A51-A7FF-05D94FA6DAB0}.Debug|Any CPU.ActiveCfg = Debug|Any CPU
		{FA8FE569-B9A5-4A51-A7FF-05D94FA6DAB0}.Debug|Any CPU.Build.0 = Debug|Any CPU
		{FA8FE569-B9A5-4A51-A7FF-05D94FA6DAB0}.Release|Any CPU.ActiveCfg = Release|Any CPU
		{FA8FE569-B9A5-4A51-A7FF-05D94FA6DAB0}.Release|Any CPU.Build.0 = Release|Any CPU
		{21DCD7C3-6942-4804-BA0F-39C94782EAA0}.Debug|Any CPU.ActiveCfg = Debug|Any CPU
		{21DCD7C3-6942-4804-BA0F-39C94782EAA0}.Debug|Any CPU.Build.0 = Debug|Any CPU
		{21DCD7C3-6942-4804-BA0F-39C94782EAA0}.Release|Any CPU.ActiveCfg = Release|Any CPU
		{21DCD7C3-6942-4804-BA0F-39C94782EAA0}.Release|Any CPU.Build.0 = Release|Any CPU
		{04E62A54-4C29-4B96-8A3E-F0B61520D2C3}.Debug|Any CPU.ActiveCfg = Debug|Any CPU
		{04E62A54-4C29-4B96-8A3E-F0B61520D2C3}.Debug|Any CPU.Build.0 = Debug|Any CPU
		{04E62A54-4C29-4B96-8A3E-F0B61520D2C3}.Release|Any CPU.ActiveCfg = Release|Any CPU
		{04E62A54-4C29-4B96-8A3E-F0B61520D2C3}.Release|Any CPU.Build.0 = Release|Any CPU
		{43DA68A9-ED11-45F4-9378-55B7CC9A770E}.Debug|Any CPU.ActiveCfg = Debug|Any CPU
		{43DA68A9-ED11-45F4-9378-55B7CC9A770E}.Debug|Any CPU.Build.0 = Debug|Any CPU
		{43DA68A9-ED11-45F4-9378-55B7CC9A770E}.Release|Any CPU.ActiveCfg = Release|Any CPU
		{43DA68A9-ED11-45F4-9378-55B7CC9A770E}.Release|Any CPU.Build.0 = Release|Any CPU
		{23A7626D-FB06-48DE-9AA5-DA3A3A8D0528}.Debug|Any CPU.ActiveCfg = Debug|Any CPU
		{23A7626D-FB06-48DE-9AA5-DA3A3A8D0528}.Debug|Any CPU.Build.0 = Debug|Any CPU
		{23A7626D-FB06-48DE-9AA5-DA3A3A8D0528}.Release|Any CPU.ActiveCfg = Release|Any CPU
		{23A7626D-FB06-48DE-9AA5-DA3A3A8D0528}.Release|Any CPU.Build.0 = Release|Any CPU
		{0A6108A8-B160-4211-BD6A-10487B2376B7}.Debug|Any CPU.ActiveCfg = Debug|Any CPU
		{0A6108A8-B160-4211-BD6A-10487B2376B7}.Debug|Any CPU.Build.0 = Debug|Any CPU
		{0A6108A8-B160-4211-BD6A-10487B2376B7}.Release|Any CPU.ActiveCfg = Release|Any CPU
		{0A6108A8-B160-4211-BD6A-10487B2376B7}.Release|Any CPU.Build.0 = Release|Any CPU
		{FACA9CB9-3F88-4FE9-BE9A-D31FCDA3E7DE}.Debug|Any CPU.ActiveCfg = Debug|Any CPU
		{FACA9CB9-3F88-4FE9-BE9A-D31FCDA3E7DE}.Debug|Any CPU.Build.0 = Debug|Any CPU
		{FACA9CB9-3F88-4FE9-BE9A-D31FCDA3E7DE}.Release|Any CPU.ActiveCfg = Release|Any CPU
		{FACA9CB9-3F88-4FE9-BE9A-D31FCDA3E7DE}.Release|Any CPU.Build.0 = Release|Any CPU
		{064BD1EA-F22B-4D38-B469-D1FBB25AE621}.Debug|Any CPU.ActiveCfg = Debug|Any CPU
		{064BD1EA-F22B-4D38-B469-D1FBB25AE621}.Debug|Any CPU.Build.0 = Debug|Any CPU
		{064BD1EA-F22B-4D38-B469-D1FBB25AE621}.Release|Any CPU.ActiveCfg = Release|Any CPU
		{064BD1EA-F22B-4D38-B469-D1FBB25AE621}.Release|Any CPU.Build.0 = Release|Any CPU
		{E7A184D3-EDF8-49C2-97B8-CA16A58A01DD}.Debug|Any CPU.ActiveCfg = Debug|Any CPU
		{E7A184D3-EDF8-49C2-97B8-CA16A58A01DD}.Debug|Any CPU.Build.0 = Debug|Any CPU
		{E7A184D3-EDF8-49C2-97B8-CA16A58A01DD}.Release|Any CPU.ActiveCfg = Release|Any CPU
		{E7A184D3-EDF8-49C2-97B8-CA16A58A01DD}.Release|Any CPU.Build.0 = Release|Any CPU
		{189171B1-84A9-4582-9118-91B80F567A80}.Debug|Any CPU.ActiveCfg = Debug|Any CPU
		{189171B1-84A9-4582-9118-91B80F567A80}.Debug|Any CPU.Build.0 = Debug|Any CPU
		{189171B1-84A9-4582-9118-91B80F567A80}.Release|Any CPU.ActiveCfg = Release|Any CPU
		{189171B1-84A9-4582-9118-91B80F567A80}.Release|Any CPU.Build.0 = Release|Any CPU
		{276E364C-EB6F-4400-8B5D-0C0BE0C83754}.Debug|Any CPU.ActiveCfg = Debug|Any CPU
		{276E364C-EB6F-4400-8B5D-0C0BE0C83754}.Debug|Any CPU.Build.0 = Debug|Any CPU
		{276E364C-EB6F-4400-8B5D-0C0BE0C83754}.Release|Any CPU.ActiveCfg = Release|Any CPU
		{276E364C-EB6F-4400-8B5D-0C0BE0C83754}.Release|Any CPU.Build.0 = Release|Any CPU
		{731DE3CF-B7A3-4A8D-8A93-6BB5446D12FD}.Debug|Any CPU.ActiveCfg = Debug|Any CPU
		{731DE3CF-B7A3-4A8D-8A93-6BB5446D12FD}.Debug|Any CPU.Build.0 = Debug|Any CPU
		{731DE3CF-B7A3-4A8D-8A93-6BB5446D12FD}.Release|Any CPU.ActiveCfg = Release|Any CPU
		{731DE3CF-B7A3-4A8D-8A93-6BB5446D12FD}.Release|Any CPU.Build.0 = Release|Any CPU
		{D55EDC5B-0E10-4BBC-A112-12E9FDF83371}.Debug|Any CPU.ActiveCfg = Debug|Any CPU
		{D55EDC5B-0E10-4BBC-A112-12E9FDF83371}.Debug|Any CPU.Build.0 = Debug|Any CPU
		{D55EDC5B-0E10-4BBC-A112-12E9FDF83371}.Release|Any CPU.ActiveCfg = Release|Any CPU
		{D55EDC5B-0E10-4BBC-A112-12E9FDF83371}.Release|Any CPU.Build.0 = Release|Any CPU
		{8E548761-720B-4284-835F-CA9833428030}.Debug|Any CPU.ActiveCfg = Debug|Any CPU
		{8E548761-720B-4284-835F-CA9833428030}.Debug|Any CPU.Build.0 = Debug|Any CPU
		{8E548761-720B-4284-835F-CA9833428030}.Release|Any CPU.ActiveCfg = Release|Any CPU
		{8E548761-720B-4284-835F-CA9833428030}.Release|Any CPU.Build.0 = Release|Any CPU
		{E48E4556-0EA2-4D7B-AB21-531BFBFD4C69}.Debug|Any CPU.ActiveCfg = Debug|Any CPU
		{E48E4556-0EA2-4D7B-AB21-531BFBFD4C69}.Debug|Any CPU.Build.0 = Debug|Any CPU
		{E48E4556-0EA2-4D7B-AB21-531BFBFD4C69}.Release|Any CPU.ActiveCfg = Release|Any CPU
		{E48E4556-0EA2-4D7B-AB21-531BFBFD4C69}.Release|Any CPU.Build.0 = Release|Any CPU
		{AB4E969E-4174-41F1-889E-338E86909AE8}.Debug|Any CPU.ActiveCfg = Debug|Any CPU
		{AB4E969E-4174-41F1-889E-338E86909AE8}.Debug|Any CPU.Build.0 = Debug|Any CPU
		{AB4E969E-4174-41F1-889E-338E86909AE8}.Release|Any CPU.ActiveCfg = Release|Any CPU
		{AB4E969E-4174-41F1-889E-338E86909AE8}.Release|Any CPU.Build.0 = Release|Any CPU
		{1DBF4D03-4BB9-4430-B594-90EC0E632322}.Debug|Any CPU.ActiveCfg = Debug|Any CPU
		{1DBF4D03-4BB9-4430-B594-90EC0E632322}.Debug|Any CPU.Build.0 = Debug|Any CPU
		{1DBF4D03-4BB9-4430-B594-90EC0E632322}.Release|Any CPU.ActiveCfg = Release|Any CPU
		{1DBF4D03-4BB9-4430-B594-90EC0E632322}.Release|Any CPU.Build.0 = Release|Any CPU
		{287CAA71-AA13-4F52-9C01-F0B6CB069AB2}.Debug|Any CPU.ActiveCfg = Debug|Any CPU
		{287CAA71-AA13-4F52-9C01-F0B6CB069AB2}.Debug|Any CPU.Build.0 = Debug|Any CPU
		{287CAA71-AA13-4F52-9C01-F0B6CB069AB2}.Release|Any CPU.ActiveCfg = Release|Any CPU
		{287CAA71-AA13-4F52-9C01-F0B6CB069AB2}.Release|Any CPU.Build.0 = Release|Any CPU
		{90EC7604-4DF4-4729-84FA-F015031AC74C}.Debug|Any CPU.ActiveCfg = Debug|Any CPU
		{90EC7604-4DF4-4729-84FA-F015031AC74C}.Debug|Any CPU.Build.0 = Debug|Any CPU
		{90EC7604-4DF4-4729-84FA-F015031AC74C}.Release|Any CPU.ActiveCfg = Release|Any CPU
		{90EC7604-4DF4-4729-84FA-F015031AC74C}.Release|Any CPU.Build.0 = Release|Any CPU
		{A49C6F88-F0F9-4CE6-84AF-84F0CF327765}.Debug|Any CPU.ActiveCfg = Debug|Any CPU
		{A49C6F88-F0F9-4CE6-84AF-84F0CF327765}.Debug|Any CPU.Build.0 = Debug|Any CPU
		{A49C6F88-F0F9-4CE6-84AF-84F0CF327765}.Release|Any CPU.ActiveCfg = Release|Any CPU
		{A49C6F88-F0F9-4CE6-84AF-84F0CF327765}.Release|Any CPU.Build.0 = Release|Any CPU
		{250B87CE-D562-4916-8A66-79C13EA34E53}.Debug|Any CPU.ActiveCfg = Debug|Any CPU
		{250B87CE-D562-4916-8A66-79C13EA34E53}.Debug|Any CPU.Build.0 = Debug|Any CPU
		{250B87CE-D562-4916-8A66-79C13EA34E53}.Release|Any CPU.ActiveCfg = Release|Any CPU
		{250B87CE-D562-4916-8A66-79C13EA34E53}.Release|Any CPU.Build.0 = Release|Any CPU
		{03981B07-3AD1-4232-816A-802B121901E9}.Debug|Any CPU.ActiveCfg = Debug|Any CPU
		{03981B07-3AD1-4232-816A-802B121901E9}.Debug|Any CPU.Build.0 = Debug|Any CPU
		{03981B07-3AD1-4232-816A-802B121901E9}.Release|Any CPU.ActiveCfg = Release|Any CPU
		{03981B07-3AD1-4232-816A-802B121901E9}.Release|Any CPU.Build.0 = Release|Any CPU
		{270CACC2-C962-41D0-94F8-5A4192E2A171}.Debug|Any CPU.ActiveCfg = Debug|Any CPU
		{270CACC2-C962-41D0-94F8-5A4192E2A171}.Debug|Any CPU.Build.0 = Debug|Any CPU
		{270CACC2-C962-41D0-94F8-5A4192E2A171}.Release|Any CPU.ActiveCfg = Release|Any CPU
		{270CACC2-C962-41D0-94F8-5A4192E2A171}.Release|Any CPU.Build.0 = Release|Any CPU
		{22C2E4C8-F047-42C4-BFAC-D75CEBC7E34D}.Debug|Any CPU.ActiveCfg = Debug|Any CPU
		{22C2E4C8-F047-42C4-BFAC-D75CEBC7E34D}.Debug|Any CPU.Build.0 = Debug|Any CPU
		{22C2E4C8-F047-42C4-BFAC-D75CEBC7E34D}.Release|Any CPU.ActiveCfg = Release|Any CPU
		{22C2E4C8-F047-42C4-BFAC-D75CEBC7E34D}.Release|Any CPU.Build.0 = Release|Any CPU
		{AF615C63-D7E9-40A0-BA4B-7897C2C0E433}.Debug|Any CPU.ActiveCfg = Debug|Any CPU
		{AF615C63-D7E9-40A0-BA4B-7897C2C0E433}.Debug|Any CPU.Build.0 = Debug|Any CPU
		{AF615C63-D7E9-40A0-BA4B-7897C2C0E433}.Release|Any CPU.ActiveCfg = Release|Any CPU
		{AF615C63-D7E9-40A0-BA4B-7897C2C0E433}.Release|Any CPU.Build.0 = Release|Any CPU
		{7B48D926-F54F-45E5-93E7-4A6BBE32D0AB}.Debug|Any CPU.ActiveCfg = Debug|Any CPU
		{7B48D926-F54F-45E5-93E7-4A6BBE32D0AB}.Debug|Any CPU.Build.0 = Debug|Any CPU
		{7B48D926-F54F-45E5-93E7-4A6BBE32D0AB}.Release|Any CPU.ActiveCfg = Release|Any CPU
		{7B48D926-F54F-45E5-93E7-4A6BBE32D0AB}.Release|Any CPU.Build.0 = Release|Any CPU
		{DCE6C95E-9F62-476C-BDEE-F604906D4609}.Debug|Any CPU.ActiveCfg = Debug|Any CPU
		{DCE6C95E-9F62-476C-BDEE-F604906D4609}.Debug|Any CPU.Build.0 = Debug|Any CPU
		{DCE6C95E-9F62-476C-BDEE-F604906D4609}.Release|Any CPU.ActiveCfg = Release|Any CPU
		{DCE6C95E-9F62-476C-BDEE-F604906D4609}.Release|Any CPU.Build.0 = Release|Any CPU
		{76A83F71-0EFA-4988-87B4-CC7BE6023DFE}.Debug|Any CPU.ActiveCfg = Debug|Any CPU
		{76A83F71-0EFA-4988-87B4-CC7BE6023DFE}.Debug|Any CPU.Build.0 = Debug|Any CPU
		{76A83F71-0EFA-4988-87B4-CC7BE6023DFE}.Release|Any CPU.ActiveCfg = Release|Any CPU
		{76A83F71-0EFA-4988-87B4-CC7BE6023DFE}.Release|Any CPU.Build.0 = Release|Any CPU
		{FD57E375-51ED-462F-9F84-6BF632028A42}.Debug|Any CPU.ActiveCfg = Debug|Any CPU
		{FD57E375-51ED-462F-9F84-6BF632028A42}.Debug|Any CPU.Build.0 = Debug|Any CPU
		{FD57E375-51ED-462F-9F84-6BF632028A42}.Release|Any CPU.ActiveCfg = Release|Any CPU
		{FD57E375-51ED-462F-9F84-6BF632028A42}.Release|Any CPU.Build.0 = Release|Any CPU
		{F3FDC6C9-C7A3-4793-9070-B457288E94C6}.Debug|Any CPU.ActiveCfg = Debug|Any CPU
		{F3FDC6C9-C7A3-4793-9070-B457288E94C6}.Debug|Any CPU.Build.0 = Debug|Any CPU
		{F3FDC6C9-C7A3-4793-9070-B457288E94C6}.Release|Any CPU.ActiveCfg = Release|Any CPU
		{F3FDC6C9-C7A3-4793-9070-B457288E94C6}.Release|Any CPU.Build.0 = Release|Any CPU
		{9284F1E7-2693-456E-8A15-9F6E8EA37995}.Debug|Any CPU.ActiveCfg = Debug|Any CPU
		{9284F1E7-2693-456E-8A15-9F6E8EA37995}.Debug|Any CPU.Build.0 = Debug|Any CPU
		{9284F1E7-2693-456E-8A15-9F6E8EA37995}.Release|Any CPU.ActiveCfg = Release|Any CPU
		{9284F1E7-2693-456E-8A15-9F6E8EA37995}.Release|Any CPU.Build.0 = Release|Any CPU
		{9723C241-28F1-4A0C-9C9E-47F5305C6796}.Debug|Any CPU.ActiveCfg = Debug|Any CPU
		{9723C241-28F1-4A0C-9C9E-47F5305C6796}.Debug|Any CPU.Build.0 = Debug|Any CPU
		{9723C241-28F1-4A0C-9C9E-47F5305C6796}.Release|Any CPU.ActiveCfg = Release|Any CPU
		{9723C241-28F1-4A0C-9C9E-47F5305C6796}.Release|Any CPU.Build.0 = Release|Any CPU
		{A135E3A3-C21D-4811-BB7A-BAE1CD3B3E08}.Debug|Any CPU.ActiveCfg = Debug|Any CPU
		{A135E3A3-C21D-4811-BB7A-BAE1CD3B3E08}.Debug|Any CPU.Build.0 = Debug|Any CPU
		{A135E3A3-C21D-4811-BB7A-BAE1CD3B3E08}.Release|Any CPU.ActiveCfg = Release|Any CPU
		{A135E3A3-C21D-4811-BB7A-BAE1CD3B3E08}.Release|Any CPU.Build.0 = Release|Any CPU
		{B2AB9992-AB22-4DD5-891B-E657315ADE5F}.Debug|Any CPU.ActiveCfg = Debug|Any CPU
		{B2AB9992-AB22-4DD5-891B-E657315ADE5F}.Debug|Any CPU.Build.0 = Debug|Any CPU
		{B2AB9992-AB22-4DD5-891B-E657315ADE5F}.Release|Any CPU.ActiveCfg = Release|Any CPU
		{B2AB9992-AB22-4DD5-891B-E657315ADE5F}.Release|Any CPU.Build.0 = Release|Any CPU
		{0D11AEB7-DB38-4134-88EE-A5A4F11DADA1}.Debug|Any CPU.ActiveCfg = Debug|Any CPU
		{0D11AEB7-DB38-4134-88EE-A5A4F11DADA1}.Debug|Any CPU.Build.0 = Debug|Any CPU
		{0D11AEB7-DB38-4134-88EE-A5A4F11DADA1}.Release|Any CPU.ActiveCfg = Release|Any CPU
		{0D11AEB7-DB38-4134-88EE-A5A4F11DADA1}.Release|Any CPU.Build.0 = Release|Any CPU
		{4CCFE6C8-F582-47B0-B8F9-27F8D57FD550}.Debug|Any CPU.ActiveCfg = Debug|Any CPU
		{4CCFE6C8-F582-47B0-B8F9-27F8D57FD550}.Debug|Any CPU.Build.0 = Debug|Any CPU
		{4CCFE6C8-F582-47B0-B8F9-27F8D57FD550}.Release|Any CPU.ActiveCfg = Release|Any CPU
		{4CCFE6C8-F582-47B0-B8F9-27F8D57FD550}.Release|Any CPU.Build.0 = Release|Any CPU
		{9AB80213-16D3-47F2-9DE5-524FE356CE10}.Debug|Any CPU.ActiveCfg = Debug|Any CPU
		{9AB80213-16D3-47F2-9DE5-524FE356CE10}.Debug|Any CPU.Build.0 = Debug|Any CPU
		{9AB80213-16D3-47F2-9DE5-524FE356CE10}.Release|Any CPU.ActiveCfg = Release|Any CPU
		{9AB80213-16D3-47F2-9DE5-524FE356CE10}.Release|Any CPU.Build.0 = Release|Any CPU
		{A6094715-F370-4541-B725-9A6C4822B1B5}.Debug|Any CPU.ActiveCfg = Debug|Any CPU
		{A6094715-F370-4541-B725-9A6C4822B1B5}.Debug|Any CPU.Build.0 = Debug|Any CPU
		{A6094715-F370-4541-B725-9A6C4822B1B5}.Release|Any CPU.ActiveCfg = Release|Any CPU
		{A6094715-F370-4541-B725-9A6C4822B1B5}.Release|Any CPU.Build.0 = Release|Any CPU
		{42E328AE-558F-464A-AB65-C31A6CD4CAAC}.Debug|Any CPU.ActiveCfg = Debug|Any CPU
		{42E328AE-558F-464A-AB65-C31A6CD4CAAC}.Debug|Any CPU.Build.0 = Debug|Any CPU
		{42E328AE-558F-464A-AB65-C31A6CD4CAAC}.Release|Any CPU.ActiveCfg = Release|Any CPU
		{42E328AE-558F-464A-AB65-C31A6CD4CAAC}.Release|Any CPU.Build.0 = Release|Any CPU
		{9216F661-2B8B-4AAC-9F9D-C176FE33513E}.Debug|Any CPU.ActiveCfg = Debug|Any CPU
		{9216F661-2B8B-4AAC-9F9D-C176FE33513E}.Debug|Any CPU.Build.0 = Debug|Any CPU
		{9216F661-2B8B-4AAC-9F9D-C176FE33513E}.Release|Any CPU.ActiveCfg = Release|Any CPU
		{9216F661-2B8B-4AAC-9F9D-C176FE33513E}.Release|Any CPU.Build.0 = Release|Any CPU
		{7F2D33D8-43AB-43D2-AF15-65CBA94C694E}.Debug|Any CPU.ActiveCfg = Debug|Any CPU
		{7F2D33D8-43AB-43D2-AF15-65CBA94C694E}.Debug|Any CPU.Build.0 = Debug|Any CPU
		{7F2D33D8-43AB-43D2-AF15-65CBA94C694E}.Release|Any CPU.ActiveCfg = Release|Any CPU
		{7F2D33D8-43AB-43D2-AF15-65CBA94C694E}.Release|Any CPU.Build.0 = Release|Any CPU
		{8392A22F-80DF-49CE-A562-35719FBA89F8}.Debug|Any CPU.ActiveCfg = Debug|Any CPU
		{8392A22F-80DF-49CE-A562-35719FBA89F8}.Debug|Any CPU.Build.0 = Debug|Any CPU
		{8392A22F-80DF-49CE-A562-35719FBA89F8}.Release|Any CPU.ActiveCfg = Release|Any CPU
		{8392A22F-80DF-49CE-A562-35719FBA89F8}.Release|Any CPU.Build.0 = Release|Any CPU
		{392FCD50-1F46-4695-82E8-E7E86E7804BC}.Debug|Any CPU.ActiveCfg = Debug|Any CPU
		{392FCD50-1F46-4695-82E8-E7E86E7804BC}.Debug|Any CPU.Build.0 = Debug|Any CPU
		{392FCD50-1F46-4695-82E8-E7E86E7804BC}.Release|Any CPU.ActiveCfg = Release|Any CPU
		{392FCD50-1F46-4695-82E8-E7E86E7804BC}.Release|Any CPU.Build.0 = Release|Any CPU
		{620D3A97-A723-48C1-8EC1-5B86D75034A1}.Debug|Any CPU.ActiveCfg = Debug|Any CPU
		{620D3A97-A723-48C1-8EC1-5B86D75034A1}.Debug|Any CPU.Build.0 = Debug|Any CPU
		{620D3A97-A723-48C1-8EC1-5B86D75034A1}.Release|Any CPU.ActiveCfg = Release|Any CPU
		{620D3A97-A723-48C1-8EC1-5B86D75034A1}.Release|Any CPU.Build.0 = Release|Any CPU
	EndGlobalSection
	GlobalSection(SolutionProperties) = preSolution
		HideSolutionNode = FALSE
	EndGlobalSection
	GlobalSection(ExtensibilityGlobals) = postSolution
		SolutionGuid = {9A6F1216-7AF7-41BD-B720-572E226B8D23}
	EndGlobalSection
EndGlobal
