
Microsoft Visual Studio Solution File, Format Version 12.00
# Visual Studio Version 16
VisualStudioVersion = 16.0.31321.278
MinimumVisualStudioVersion = 10.0.40219.1
Project("{9A19103F-16F7-4668-BE54-9A1E7A4F7556}") = "Lessons", "Lessons\Lessons.csproj", "{F6C40B5C-FBC6-47F0-BF6B-F4C5FE408F7D}"
EndProject
Project("{9A19103F-16F7-4668-BE54-9A1E7A4F7556}") = "IncrementDecrement", "IncrementDecrement\IncrementDecrement.csproj", "{B4F63D8A-E1B1-4866-A0B2-D6A0DB159683}"
EndProject
Project("{FAE04EC0-301F-11D3-BF4B-00C04F79EFBC}") = "IfElse", "IfElse\IfElse.csproj", "{5D00A5F1-B0AE-4B77-85CD-B48AB9D59012}"
EndProject
Global
	GlobalSection(SolutionConfigurationPlatforms) = preSolution
		Debug|Any CPU = Debug|Any CPU
		Release|Any CPU = Release|Any CPU
	EndGlobalSection
	GlobalSection(ProjectConfigurationPlatforms) = postSolution
		{F6C40B5C-FBC6-47F0-BF6B-F4C5FE408F7D}.Debug|Any CPU.ActiveCfg = Debug|Any CPU
		{F6C40B5C-FBC6-47F0-BF6B-F4C5FE408F7D}.Debug|Any CPU.Build.0 = Debug|Any CPU
		{F6C40B5C-FBC6-47F0-BF6B-F4C5FE408F7D}.Release|Any CPU.ActiveCfg = Release|Any CPU
		{F6C40B5C-FBC6-47F0-BF6B-F4C5FE408F7D}.Release|Any CPU.Build.0 = Release|Any CPU
		{B4F63D8A-E1B1-4866-A0B2-D6A0DB159683}.Debug|Any CPU.ActiveCfg = Debug|Any CPU
		{B4F63D8A-E1B1-4866-A0B2-D6A0DB159683}.Debug|Any CPU.Build.0 = Debug|Any CPU
		{B4F63D8A-E1B1-4866-A0B2-D6A0DB159683}.Release|Any CPU.ActiveCfg = Release|Any CPU
		{B4F63D8A-E1B1-4866-A0B2-D6A0DB159683}.Release|Any CPU.Build.0 = Release|Any CPU
		{5D00A5F1-B0AE-4B77-85CD-B48AB9D59012}.Debug|Any CPU.ActiveCfg = Debug|Any CPU
		{5D00A5F1-B0AE-4B77-85CD-B48AB9D59012}.Debug|Any CPU.Build.0 = Debug|Any CPU
		{5D00A5F1-B0AE-4B77-85CD-B48AB9D59012}.Release|Any CPU.ActiveCfg = Release|Any CPU
		{5D00A5F1-B0AE-4B77-85CD-B48AB9D59012}.Release|Any CPU.Build.0 = Release|Any CPU
	EndGlobalSection
	GlobalSection(SolutionProperties) = preSolution
		HideSolutionNode = FALSE
	EndGlobalSection
	GlobalSection(ExtensibilityGlobals) = postSolution
		SolutionGuid = {9A6F1216-7AF7-41BD-B720-572E226B8D23}
	EndGlobalSection
EndGlobal
